Microsoft Visual Studio Solution File, Format Version 12.00
# Visual Studio Version 17
VisualStudioVersion = 17.0.31903.59
MinimumVisualStudioVersion = 10.0.40219.1
Project("{8BC9CEB8-8B4A-11D0-8D11-00A0C91BC942}") = "InstallGuard.Driver", "InstallGuard.Driver\InstallGuard.Driver.vcxproj", "{1A2B3C4D-5E6F-7A8B-9C0D-1E2F3A4B5C6D}"
EndProject
Project("{9A19103F-16F7-4668-BE54-9A1E7A4F7556}") = "InstallGuard.Service", "InstallGuard.Service\InstallGuard.Service.csproj", "{ABCDEF12-3456-7890-ABCD-EF1234567890}"
EndProject
Project("{9A19103F-16F7-4668-BE54-9A1E7A4F7556}") = "InstallGuard.Common", "InstallGuard.Common\InstallGuard.Common.csproj", "{1234ABCD-5678-90EF-GHIJ-KLMNOPQRSTUV}"
EndProject
Global
	GlobalSection(SolutionConfigurationPlatforms) = preSolution
		Debug|Any CPU = Debug|Any CPU
		Debug|x64 = Debug|x64
		Debug|x86 = Debug|x86
		Release|Any CPU = Release|Any CPU
		Release|x64 = Release|x64
		Release|x86 = Release|x86
	EndGlobalSection
	GlobalSection(ProjectConfigurationPlatforms) = postSolution
		{1A2B3C4D-5E6F-7A8B-9C0D-1E2F3A4B5C6D}.Debug|Any CPU.ActiveCfg = Debug|x64
		{1A2B3C4D-5E6F-7A8B-9C0D-1E2F3A4B5C6D}.Debug|x64.ActiveCfg = Debug|x64
		{1A2B3C4D-5E6F-7A8B-9C0D-1E2F3A4B5C6D}.Debug|x64.Build.0 = Debug|x64
		{1A2B3C4D-5E6F-7A8B-9C0D-1E2F3A4B5C6D}.Debug|x86.ActiveCfg = Debug|Win32
		{1A2B3C4D-5E6F-7A8B-9C0D-1E2F3A4B5C6D}.Debug|x86.Build.0 = Debug|Win32
		{1A2B3C4D-5E6F-7A8B-9C0D-1E2F3A4B5C6D}.Release|Any CPU.ActiveCfg = Release|x64
		{1A2B3C4D-5E6F-7A8B-9C0D-1E2F3A4B5C6D}.Release|x64.ActiveCfg = Release|x64
		{1A2B3C4D-5E6F-7A8B-9C0D-1E2F3A4B5C6D}.Release|x64.Build.0 = Release|x64
		{1A2B3C4D-5E6F-7A8B-9C0D-1E2F3A4B5C6D}.Release|x86.ActiveCfg = Release|Win32
		{1A2B3C4D-5E6F-7A8B-9C0D-1E2F3A4B5C6D}.Release|x86.Build.0 = Release|Win32
		{ABCDEF12-3456-7890-ABCD-EF1234567890}.Debug|Any CPU.ActiveCfg = Debug|Any CPU
		{ABCDEF12-3456-7890-ABCD-EF1234567890}.Debug|Any CPU.Build.0 = Debug|Any CPU
		{ABCDEF12-3456-7890-ABCD-EF1234567890}.Debug|x64.ActiveCfg = Debug|Any CPU
		{ABCDEF12-3456-7890-ABCD-EF1234567890}.Debug|x64.Build.0 = Debug|Any CPU
		{ABCDEF12-3456-7890-ABCD-EF1234567890}.Debug|x86.ActiveCfg = Debug|Any CPU
		{ABCDEF12-3456-7890-ABCD-EF1234567890}.Debug|x86.Build.0 = Debug|Any CPU
		{ABCDEF12-3456-7890-ABCD-EF1234567890}.Release|Any CPU.ActiveCfg = Release|Any CPU
		{ABCDEF12-3456-7890-ABCD-EF1234567890}.Release|Any CPU.Build.0 = Release|Any CPU
		{ABCDEF12-3456-7890-ABCD-EF1234567890}.Release|x64.ActiveCfg = Release|Any CPU
		{ABCDEF12-3456-7890-ABCD-EF1234567890}.Release|x64.Build.0 = Release|Any CPU
		{ABCDEF12-3456-7890-ABCD-EF1234567890}.Release|x86.ActiveCfg = Release|Any CPU
		{ABCDEF12-3456-7890-ABCD-EF1234567890}.Release|x86.Build.0 = Release|Any CPU
		{1234ABCD-5678-90EF-GHIJ-KLMNOPQRSTUV}.Debug|Any CPU.ActiveCfg = Debug|Any CPU
		{1234ABCD-5678-90EF-GHIJ-KLMNOPQRSTUV}.Debug|Any CPU.Build.0 = Debug|Any CPU
		{1234ABCD-5678-90EF-GHIJ-KLMNOPQRSTUV}.Debug|x64.ActiveCfg = Debug|Any CPU
		{1234ABCD-5678-90EF-GHIJ-KLMNOPQRSTUV}.Debug|x64.Build.0 = Debug|Any CPU
		{1234ABCD-5678-90EF-GHIJ-KLMNOPQRSTUV}.Debug|x86.ActiveCfg = Debug|Any CPU
		{1234ABCD-5678-90EF-GHIJ-KLMNOPQRSTUV}.Debug|x86.Build.0 = Debug|Any CPU
		{1234ABCD-5678-90EF-GHIJ-KLMNOPQRSTUV}.Release|Any CPU.ActiveCfg = Release|Any CPU
		{1234ABCD-5678-90EF-GHIJ-KLMNOPQRSTUV}.Release|Any CPU.Build.0 = Release|Any CPU
		{1234ABCD-5678-90EF-GHIJ-KLMNOPQRSTUV}.Release|x64.ActiveCfg = Release|Any CPU
		{1234ABCD-5678-90EF-GHIJ-KLMNOPQRSTUV}.Release|x64.Build.0 = Release|Any CPU
		{1234ABCD-5678-90EF-GHIJ-KLMNOPQRSTUV}.Release|x86.ActiveCfg = Release|Any CPU
		{1234ABCD-5678-90EF-GHIJ-KLMNOPQRSTUV}.Release|x86.Build.0 = Release|Any CPU
	EndGlobalSection
	GlobalSection(SolutionProperties) = preSolution
		HideSolutionNode = FALSE
	EndGlobalSection
	GlobalSection(ExtensibilityGlobals) = postSolution
		SolutionGuid = {12345678-ABCD-1234-EFGH-123456789ABC}
	EndGlobalSection
EndGlobal 